prepare:
  cmd: python src/prepare.py
  deps:
  - path: data/raw
    md5: acfb280aa57ca876495a0c5778ca6678.dir
    size: 39169
    nfiles: 2
  - path: src/prepare.py
    md5: 8880791dd458e51e2bc75e9d7ade79ef
    size: 836
  outs:
  - path: data/prepared/test.csv
    md5: dbb52c754fb70bb20e576de9557d29a8
    size: 11796
  - path: data/prepared/train.csv
    md5: d42b08abd6eafdd338bb540444ee4cfb
    size: 27436
featurise:
  cmd: python src/create_features.py
  deps:
  - path: data/prepared/test.csv
    md5: dbb52c754fb70bb20e576de9557d29a8
    size: 11796
  - path: data/prepared/train.csv
    md5: d42b08abd6eafdd338bb540444ee4cfb
    size: 27436
  - path: src/create_features.py
    md5: 78b015c69820bc18d99d32e97d07460c
    size: 746
  outs:
  - path: data/features/test_features.csv
    md5: 3848b86ab96e6e8436d9e5714329dd37
    size: 1601
  - path: data/features/train_features.csv
    md5: 8ff9a6da032598d0425254e819fd1f4f
    size: 3722
train:
  cmd: python src/train_model.py
  deps:
  - path: data/features/train_features.csv
    md5: 8ff9a6da032598d0425254e819fd1f4f
    size: 3722
  - path: data/features/train_labels.csv
    md5: 87acc7d6a5e8aca1c39954e29eee1b72
    size: 1759
  - path: src/train_model.py
    md5: 1b2edaef9d5b9b4d9da18b41fce7dfc8
    size: 612
  outs:
  - path: model/model.pickle
    md5: bd8a7489a6da2c01a086c3979d85a0e2
    size: 468
evaluate:
  cmd: python src/evaluate.py
  deps:
  - path: data/features/test_features.csv
    md5: 3848b86ab96e6e8436d9e5714329dd37
    size: 1601
  - path: data/features/test_labels.csv
    md5: 55cf8d9c4b56326975680cd7c344e1f5
    size: 757
  - path: model/model.pickle
    md5: bd8a7489a6da2c01a086c3979d85a0e2
    size: 468
  - path: src/evaluate.py
    md5: db244528b62829544897d05e92072f01
    size: 675
  outs:
  - path: metrics/metrics.json
    md5: 97f6bce57542401e81c4a07abff410fc
    size: 60
